
Microsoft Visual Studio Solution File, Format Version 12.00
# Visual Studio 14
VisualStudioVersion = 14.0.25420.1
MinimumVisualStudioVersion = 10.0.40219.1
Project("{FAE04EC0-301F-11D3-BF4B-00C04F79EFBC}") = "M1SHOP", "M1SHOP\M1SHOP.csproj", "{2BC39A00-4931-4F03-BC56-2C658B68C096}"
EndProject
Project("{FAE04EC0-301F-11D3-BF4B-00C04F79EFBC}") = "NHASACHDONGHO", "NHASACHDONGHO\NHASACHDONGHO.csproj", "{1D81C9FA-8893-4434-B3E9-02F6D3CA336A}"
EndProject
Project("{FAE04EC0-301F-11D3-BF4B-00C04F79EFBC}") = "Models", "Models\Models.csproj", "{C89C81F4-D2B8-442A-B4B5-65AE52169C98}"
EndProject
Project("{FAE04EC0-301F-11D3-BF4B-00C04F79EFBC}") = "ADMINSITE", "ADMINSITE\ADMINSITE.csproj", "{0857E7EC-DC8E-432F-856F-74DD26039604}"
EndProject
Project("{FAE04EC0-301F-11D3-BF4B-00C04F79EFBC}") = "UTest", "UTest\UTest.csproj", "{D955C95B-CCC8-410E-90C9-1C355E8E6A1B}"
EndProject
Global
	GlobalSection(SolutionConfigurationPlatforms) = preSolution
		Debug|Any CPU = Debug|Any CPU
		Release|Any CPU = Release|Any CPU
	EndGlobalSection
	GlobalSection(ProjectConfigurationPlatforms) = postSolution
		{2BC39A00-4931-4F03-BC56-2C658B68C096}.Debug|Any CPU.ActiveCfg = Debug|Any CPU
		{2BC39A00-4931-4F03-BC56-2C658B68C096}.Debug|Any CPU.Build.0 = Debug|Any CPU
		{2BC39A00-4931-4F03-BC56-2C658B68C096}.Release|Any CPU.ActiveCfg = Release|Any CPU
		{2BC39A00-4931-4F03-BC56-2C658B68C096}.Release|Any CPU.Build.0 = Release|Any CPU
		{1D81C9FA-8893-4434-B3E9-02F6D3CA336A}.Debug|Any CPU.ActiveCfg = Debug|Any CPU
		{1D81C9FA-8893-4434-B3E9-02F6D3CA336A}.Debug|Any CPU.Build.0 = Debug|Any CPU
		{1D81C9FA-8893-4434-B3E9-02F6D3CA336A}.Release|Any CPU.ActiveCfg = Release|Any CPU
		{1D81C9FA-8893-4434-B3E9-02F6D3CA336A}.Release|Any CPU.Build.0 = Release|Any CPU
		{C89C81F4-D2B8-442A-B4B5-65AE52169C98}.Debug|Any CPU.ActiveCfg = Debug|Any CPU
		{C89C81F4-D2B8-442A-B4B5-65AE52169C98}.Debug|Any CPU.Build.0 = Debug|Any CPU
		{C89C81F4-D2B8-442A-B4B5-65AE52169C98}.Release|Any CPU.ActiveCfg = Release|Any CPU
		{C89C81F4-D2B8-442A-B4B5-65AE52169C98}.Release|Any CPU.Build.0 = Release|Any CPU
		{0857E7EC-DC8E-432F-856F-74DD26039604}.Debug|Any CPU.ActiveCfg = Debug|Any CPU
		{0857E7EC-DC8E-432F-856F-74DD26039604}.Debug|Any CPU.Build.0 = Debug|Any CPU
		{0857E7EC-DC8E-432F-856F-74DD26039604}.Release|Any CPU.ActiveCfg = Release|Any CPU
		{0857E7EC-DC8E-432F-856F-74DD26039604}.Release|Any CPU.Build.0 = Release|Any CPU
		{D955C95B-CCC8-410E-90C9-1C355E8E6A1B}.Debug|Any CPU.ActiveCfg = Debug|Any CPU
		{D955C95B-CCC8-410E-90C9-1C355E8E6A1B}.Debug|Any CPU.Build.0 = Debug|Any CPU
		{D955C95B-CCC8-410E-90C9-1C355E8E6A1B}.Release|Any CPU.ActiveCfg = Release|Any CPU
		{D955C95B-CCC8-410E-90C9-1C355E8E6A1B}.Release|Any CPU.Build.0 = Release|Any CPU
	EndGlobalSection
	GlobalSection(SolutionProperties) = preSolution
		HideSolutionNode = FALSE
	EndGlobalSection
EndGlobal
